
Microsoft Visual Studio Solution File, Format Version 12.00
# Visual Studio Version 17
VisualStudioVersion = 17.1.32210.238
MinimumVisualStudioVersion = 10.0.40219.1
Project("{FAE04EC0-301F-11D3-BF4B-00C04F79EFBC}") = "ChatClient", "ChatClient\ChatClient.csproj", "{B9BEA107-B310-41AB-A57A-E0266E07B186}"
EndProject
Global
	GlobalSection(SolutionConfigurationPlatforms) = preSolution
		Debug|Any CPU = Debug|Any CPU
		Release|Any CPU = Release|Any CPU
	EndGlobalSection
	GlobalSection(ProjectConfigurationPlatforms) = postSolution
		{B9BEA107-B310-41AB-A57A-E0266E07B186}.Debug|Any CPU.ActiveCfg = Debug|Any CPU
		{B9BEA107-B310-41AB-A57A-E0266E07B186}.Debug|Any CPU.Build.0 = Debug|Any CPU
		{B9BEA107-B310-41AB-A57A-E0266E07B186}.Release|Any CPU.ActiveCfg = Release|Any CPU
		{B9BEA107-B310-41AB-A57A-E0266E07B186}.Release|Any CPU.Build.0 = Release|Any CPU
	EndGlobalSection
	GlobalSection(SolutionProperties) = preSolution
		HideSolutionNode = FALSE
	EndGlobalSection
	GlobalSection(ExtensibilityGlobals) = postSolution
		SolutionGuid = {F79937CE-67AB-41A7-834B-602DBA82BE68}
	EndGlobalSection
EndGlobal
